# THIS IS AN AUTOGENERATED FILE. DO NOT EDIT THIS FILE DIRECTLY.
# yarn lockfile v1


"@types/node@^17.0.27":
  version "17.0.45"
  resolved "https://registry.yarnpkg.com/@types/node/-/node-17.0.45.tgz#2c0fafd78705e7a18b7906b5201a522719dc5190"
  integrity sha512-w+tIMs3rq2afQdsPJlODhoUEKzFP1ayaoyl1CcnwtIlsVe7K7bA1NGm4s3PraqTLlXnbIN84zuBlxBWo1u9BLw==

centra@^2.6.0:
  version "2.6.0"
  resolved "https://registry.yarnpkg.com/centra/-/centra-2.6.0.tgz#79117998ee6908642258db263871381aa5d1204a"
  integrity sha512-dgh+YleemrT8u85QL11Z6tYhegAs3MMxsaWAq/oXeAmYJ7VxL3SI9TZtnfaEvNDMAPolj25FXIb3S+HCI4wQaQ==

"imagescript@github:matmen/ImageScript":
  version "1.2.15"
  resolved "https://codeload.github.com/matmen/ImageScript/tar.gz/d61031e7a8f9ea8ac6b6c9748a274c4d67ed5549"

phin@^3.6.1:
  version "3.7.0"
  resolved "https://registry.yarnpkg.com/phin/-/phin-3.7.0.tgz#eeeff7660408515d8cf0c6252901012d4ab7153b"
  integrity sha512-DqnVNrpYhKGBZppNKprD+UJylMeEKOZxHgPB+ZP6mGzf3uA2uox4Ep9tUm+rUc8WLIdHT3HcAE4X8fhwQA9JKg==
  dependencies:
    centra "^2.6.0"

typescript@^4.6.3:
  version "4.9.3"
  resolved "https://registry.yarnpkg.com/typescript/-/typescript-4.9.3.tgz#3aea307c1746b8c384435d8ac36b8a2e580d85db"
  integrity sha512-CIfGzTelbKNEnLpLdGFgdyKhG23CKdKgQPOBc+OUNrkJ2vr+KSzsSV5kq5iWhEQbok+quxgGzrAtGWCyU7tHnA==
